
Microsoft Visual Studio Solution File, Format Version 12.00
# Visual Studio Version 17
VisualStudioVersion = 17.0.32112.339
MinimumVisualStudioVersion = 10.0.40219.1
Project("{8BC9CEB8-8B4A-11D0-8D11-00A0C91BC942}") = "bulbs_cpp", "bulbs_cpp\bulbs_cpp.vcxproj", "{ACE2CBDE-E15F-48AC-8CA3-2D8C1FE597D1}"
EndProject
Global
	GlobalSection(SolutionConfigurationPlatforms) = preSolution
		Debug|x64 = Debug|x64
		Debug|x86 = Debug|x86
		Release|x64 = Release|x64
		Release|x86 = Release|x86
	EndGlobalSection
	GlobalSection(ProjectConfigurationPlatforms) = postSolution
		{ACE2CBDE-E15F-48AC-8CA3-2D8C1FE597D1}.Debug|x64.ActiveCfg = Debug|x64
		{ACE2CBDE-E15F-48AC-8CA3-2D8C1FE597D1}.Debug|x64.Build.0 = Debug|x64
		{ACE2CBDE-E15F-48AC-8CA3-2D8C1FE597D1}.Debug|x86.ActiveCfg = Debug|Win32
		{ACE2CBDE-E15F-48AC-8CA3-2D8C1FE597D1}.Debug|x86.Build.0 = Debug|Win32
		{ACE2CBDE-E15F-48AC-8CA3-2D8C1FE597D1}.Release|x64.ActiveCfg = Release|x64
		{ACE2CBDE-E15F-48AC-8CA3-2D8C1FE597D1}.Release|x64.Build.0 = Release|x64
		{ACE2CBDE-E15F-48AC-8CA3-2D8C1FE597D1}.Release|x86.ActiveCfg = Release|Win32
		{ACE2CBDE-E15F-48AC-8CA3-2D8C1FE597D1}.Release|x86.Build.0 = Release|Win32
	EndGlobalSection
	GlobalSection(SolutionProperties) = preSolution
		HideSolutionNode = FALSE
	EndGlobalSection
	GlobalSection(ExtensibilityGlobals) = postSolution
		SolutionGuid = {F9372D2A-91D3-4ED8-B94B-987FDFED890E}
	EndGlobalSection
EndGlobal
